version = 1
revision = 3
requires-python = ">=3.11, <3.15"
resolution-markers = [
    "python_full_version >= '3.14'",
    "python_full_version < '3.14'",
]

[[package]]
name = "flatbuffers"
version = "25.12.19"
source = { registry = "https://pypi.org/simple" }
wheels = [
    { url = "https://files.pythonhosted.org/packages/e8/2d/d2a548598be01649e2d46231d151a6c56d10b964d94043a335ae56ea2d92/flatbuffers-25.12.19-py2.py3-none-any.whl", hash = "sha256:7634f50c427838bb021c2d66a3d1168e9d199b0607e6329399f04846d42e20b4", size = 26661, upload-time = "2025-12-19T23:16:13.622Z" },
]

[[package]]
name = "nyxis-bench-generators"
version = "0.0.0"
source = { virtual = "." }
dependencies = [
    { name = "flatbuffers" },
    { name = "protobuf" },
    { name = "pyarrow", version = "21.0.0", source = { registry = "https://pypi.org/simple" }, marker = "python_full_version < '3.14'" },
    { name = "pyarrow", version = "24.0.0", source = { registry = "https://pypi.org/simple" }, marker = "python_full_version >= '3.14'" },
]

[package.dev-dependencies]
capnp = [
    { name = "pycapnp" },
]

[package.metadata]
requires-dist = [
    { name = "flatbuffers", specifier = ">=24.3.25" },
    { name = "protobuf", specifier = ">=7.34" },
    { name = "pyarrow", marker = "python_full_version < '3.14'", specifier = ">=18.0,<22" },
    { name = "pyarrow", marker = "python_full_version >= '3.14'", specifier = ">=22.0" },
]

[package.metadata.requires-dev]
capnp = [{ name = "pycapnp", specifier = ">=2.0" }]

[[package]]
name = "protobuf"
version = "7.35.0"
source = { registry = "https://pypi.org/simple" }
sdist = { url = "https://files.pythonhosted.org/packages/60/fd/5b1491d9e4b586d621c54f4c36b888714164b6875f8d6afa3f9072906a51/protobuf-7.35.0.tar.gz", hash = "sha256:a2efd84605f41e559f1881b0912b44099d0a2ac9bf46b3474823f10fb393b0e6", size = 458677, upload-time = "2026-05-19T23:02:29.197Z" }
wheels = [
    { url = "https://files.pythonhosted.org/packages/83/ee/93d06e358a4aa32280b00e722d3ea0a1f25fc3cc5778d80581c9cca2c10e/protobuf-7.35.0-cp310-abi3-macosx_10_9_universal2.whl", hash = "sha256:66be6c513931c794fa92c080ffee41671390da3d79da219cf9c0c0907f035dda", size = 433225, upload-time = "2026-05-19T23:02:19.884Z" },
    { url = "https://files.pythonhosted.org/packages/8b/39/1c76c2da93f3c507e958e0aecee2391cc44d4625de6c728bbc555195b5a8/protobuf-7.35.0-cp310-abi3-manylinux2014_aarch64.whl", hash = "sha256:fcbe42a4ac09d3ec9c987ddfcd956afd0b15f1ff613bd8371bde9405ffd5c8e5", size = 328847, upload-time = "2026-05-19T23:02:22.3Z" },
    { url = "https://files.pythonhosted.org/packages/91/1a/39f7ce90a238c1a987a4d81ec26379e02ca0aff367de68e4a1fa474215b9/protobuf-7.35.0-cp310-abi3-manylinux2014_s390x.whl", hash = "sha256:4cbf5cc286130e06a6c9bbefac442431173906dfcc979712183d4adcc01b37ee", size = 344030, upload-time = "2026-05-19T23:02:23.591Z" },
    { url = "https://files.pythonhosted.org/packages/70/5b/6baf9008817964454055ff3fe65f1de0b5f1e26c80c82f7fb108b7cd4ea3/protobuf-7.35.0-cp310-abi3-manylinux2014_x86_64.whl", hash = "sha256:6c0f98f10c8a05ea30f8993dfef2de093d27b490fdae78bb60c8343795d55011", size = 327130, upload-time = "2026-05-19T23:02:24.637Z" },
    { url = "https://files.pythonhosted.org/packages/8e/e5/e46adb0badc388bfb84877a5f9f026aff63f60e611016cf64dbe77e05446/protobuf-7.35.0-cp310-abi3-win32.whl", hash = "sha256:4c4617b83ade0e279d1d2bfe04025a1adb87f9ed657de038620dc0ff959357f6", size = 428946, upload-time = "2026-05-19T23:02:25.741Z" },
    { url = "https://files.pythonhosted.org/packages/a7/ab/547fbd9e16d879dd13c167478f8ae0a83a428008ca07a5e06acdc23ad473/protobuf-7.35.0-cp310-abi3-win_amd64.whl", hash = "sha256:f05bcadf9a2a6b8dda047007075135fb7d08c73d9177aabc067e1be46881a201", size = 439996, upload-time = "2026-05-19T23:02:26.808Z" },
    { url = "https://files.pythonhosted.org/packages/b8/ef/50433d346c56657a70d27f156c7b349ac59a068b01de4eb796e747eecc43/protobuf-7.35.0-py3-none-any.whl", hash = "sha256:c13f325cf242bad135c350629eeb5d54b24228eb472fb3e2e9ebbd4c5dc20ca0", size = 171659, upload-time = "2026-05-19T23:02:27.842Z" },
]

[[package]]
name = "pyarrow"
version = "21.0.0"
source = { registry = "https://pypi.org/simple" }
resolution-markers = [
    "python_full_version < '3.14'",
]
sdist = { url = "https://files.pythonhosted.org/packages/ef/c2/ea068b8f00905c06329a3dfcd40d0fcc2b7d0f2e355bdb25b65e0a0e4cd4/pyarrow-21.0.0.tar.gz", hash = "sha256:5051f2dccf0e283ff56335760cbc8622cf52264d67e359d5569541ac11b6d5bc", size = 1133487, upload-time = "2025-07-18T00:57:31.761Z" }
wheels = [
    { url = "https://files.pythonhosted.org/packages/94/dc/80564a3071a57c20b7c32575e4a0120e8a330ef487c319b122942d665960/pyarrow-21.0.0-cp311-cp311-macosx_12_0_arm64.whl", hash = "sha256:c077f48aab61738c237802836fc3844f85409a46015635198761b0d6a688f87b", size = 31243234, upload-time = "2025-07-18T00:55:03.812Z" },
    { url = "https://files.pythonhosted.org/packages/ea/cc/3b51cb2db26fe535d14f74cab4c79b191ed9a8cd4cbba45e2379b5ca2746/pyarrow-21.0.0-cp311-cp311-macosx_12_0_x86_64.whl", hash = "sha256:689f448066781856237eca8d1975b98cace19b8dd2ab6145bf49475478bcaa10", size = 32714370, upload-time = "2025-07-18T00:55:07.495Z" },
    { url = "https://files.pythonhosted.org/packages/24/11/a4431f36d5ad7d83b87146f515c063e4d07ef0b7240876ddb885e6b44f2e/pyarrow-21.0.0-cp311-cp311-manylinux_2_28_aarch64.whl", hash = "sha256:479ee41399fcddc46159a551705b89c05f11e8b8cb8e968f7fec64f62d91985e", size = 41135424, upload-time = "2025-07-18T00:55:11.461Z" },
    { url = "https://files.pythonhosted.org/packages/74/dc/035d54638fc5d2971cbf1e987ccd45f1091c83bcf747281cf6cc25e72c88/pyarrow-21.0.0-cp311-cp311-manylinux_2_28_x86_64.whl", hash = "sha256:40ebfcb54a4f11bcde86bc586cbd0272bac0d516cfa539c799c2453768477569", size = 42823810, upload-time = "2025-07-18T00:55:16.301Z" },
    { url = "https://files.pythonhosted.org/packages/2e/3b/89fced102448a9e3e0d4dded1f37fa3ce4700f02cdb8665457fcc8015f5b/pyarrow-21.0.0-cp311-cp311-musllinux_1_2_aarch64.whl", hash = "sha256:8d58d8497814274d3d20214fbb24abcad2f7e351474357d552a8d53bce70c70e", size = 43391538, upload-time = "2025-07-18T00:55:23.82Z" },
    { url = "https://files.pythonhosted.org/packages/fb/bb/ea7f1bd08978d39debd3b23611c293f64a642557e8141c80635d501e6d53/pyarrow-21.0.0-cp311-cp311-musllinux_1_2_x86_64.whl", hash = "sha256:585e7224f21124dd57836b1530ac8f2df2afc43c861d7bf3d58a4870c42ae36c", size = 45120056, upload-time = "2025-07-18T00:55:28.231Z" },
    { url = "https://files.pythonhosted.org/packages/6e/0b/77ea0600009842b30ceebc3337639a7380cd946061b620ac1a2f3cb541e2/pyarrow-21.0.0-cp311-cp311-win_amd64.whl", hash = "sha256:555ca6935b2cbca2c0e932bedd853e9bc523098c39636de9ad4693b5b1df86d6", size = 26220568, upload-time = "2025-07-18T00:55:32.122Z" },
    { url = "https://files.pythonhosted.org/packages/ca/d4/d4f817b21aacc30195cf6a46ba041dd1be827efa4a623cc8bf39a1c2a0c0/pyarrow-21.0.0-cp312-cp312-macosx_12_0_arm64.whl", hash = "sha256:3a302f0e0963db37e0a24a70c56cf91a4faa0bca51c23812279ca2e23481fccd", size = 31160305, upload-time = "2025-07-18T00:55:35.373Z" },
    { url = "https://files.pythonhosted.org/packages/a2/9c/dcd38ce6e4b4d9a19e1d36914cb8e2b1da4e6003dd075474c4cfcdfe0601/pyarrow-21.0.0-cp312-cp312-macosx_12_0_x86_64.whl", hash = "sha256:b6b27cf01e243871390474a211a7922bfbe3bda21e39bc9160daf0da3fe48876", size = 32684264, upload-time = "2025-07-18T00:55:39.303Z" },
    { url = "https://files.pythonhosted.org/packages/4f/74/2a2d9f8d7a59b639523454bec12dba35ae3d0a07d8ab529dc0809f74b23c/pyarrow-21.0.0-cp312-cp312-manylinux_2_28_aarch64.whl", hash = "sha256:e72a8ec6b868e258a2cd2672d91f2860ad532d590ce94cdf7d5e7ec674ccf03d", size = 41108099, upload-time = "2025-07-18T00:55:42.889Z" },
    { url = "https://files.pythonhosted.org/packages/ad/90/2660332eeb31303c13b653ea566a9918484b6e4d6b9d2d46879a33ab0622/pyarrow-21.0.0-cp312-cp312-manylinux_2_28_x86_64.whl", hash = "sha256:b7ae0bbdc8c6674259b25bef5d2a1d6af5d39d7200c819cf99e07f7dfef1c51e", size = 42829529, upload-time = "2025-07-18T00:55:47.069Z" },
    { url = "https://files.pythonhosted.org/packages/33/27/1a93a25c92717f6aa0fca06eb4700860577d016cd3ae51aad0e0488ac899/pyarrow-21.0.0-cp312-cp312-musllinux_1_2_aarch64.whl", hash = "sha256:58c30a1729f82d201627c173d91bd431db88ea74dcaa3885855bc6203e433b82", size = 43367883, upload-time = "2025-07-18T00:55:53.069Z" },
    { url = "https://files.pythonhosted.org/packages/05/d9/4d09d919f35d599bc05c6950095e358c3e15148ead26292dfca1fb659b0c/pyarrow-21.0.0-cp312-cp312-musllinux_1_2_x86_64.whl", hash = "sha256:072116f65604b822a7f22945a7a6e581cfa28e3454fdcc6939d4ff6090126623", size = 45133802, upload-time = "2025-07-18T00:55:57.714Z" },
    { url = "https://files.pythonhosted.org/packages/71/30/f3795b6e192c3ab881325ffe172e526499eb3780e306a15103a2764916a2/pyarrow-21.0.0-cp312-cp312-win_amd64.whl", hash = "sha256:cf56ec8b0a5c8c9d7021d6fd754e688104f9ebebf1bf4449613c9531f5346a18", size = 26203175, upload-time = "2025-07-18T00:56:01.364Z" },
    { url = "https://files.pythonhosted.org/packages/16/ca/c7eaa8e62db8fb37ce942b1ea0c6d7abfe3786ca193957afa25e71b81b66/pyarrow-21.0.0-cp313-cp313-macosx_12_0_arm64.whl", hash = "sha256:e99310a4ebd4479bcd1964dff9e14af33746300cb014aa4a3781738ac63baf4a", size = 31154306, upload-time = "2025-07-18T00:56:04.42Z" },
    { url = "https://files.pythonhosted.org/packages/ce/e8/e87d9e3b2489302b3a1aea709aaca4b781c5252fcb812a17ab6275a9a484/pyarrow-21.0.0-cp313-cp313-macosx_12_0_x86_64.whl", hash = "sha256:d2fe8e7f3ce329a71b7ddd7498b3cfac0eeb200c2789bd840234f0dc271a8efe", size = 32680622, upload-time = "2025-07-18T00:56:07.505Z" },
    { url = "https://files.pythonhosted.org/packages/84/52/79095d73a742aa0aba370c7942b1b655f598069489ab387fe47261a849e1/pyarrow-21.0.0-cp313-cp313-manylinux_2_28_aarch64.whl", hash = "sha256:f522e5709379d72fb3da7785aa489ff0bb87448a9dc5a75f45763a795a089ebd", size = 41104094, upload-time = "2025-07-18T00:56:10.994Z" },
    { url = "https://files.pythonhosted.org/packages/89/4b/7782438b551dbb0468892a276b8c789b8bbdb25ea5c5eb27faadd753e037/pyarrow-21.0.0-cp313-cp313-manylinux_2_28_x86_64.whl", hash = "sha256:69cbbdf0631396e9925e048cfa5bce4e8c3d3b41562bbd70c685a8eb53a91e61", size = 42825576, upload-time = "2025-07-18T00:56:15.569Z" },
    { url = "https://files.pythonhosted.org/packages/b3/62/0f29de6e0a1e33518dec92c65be0351d32d7ca351e51ec5f4f837a9aab91/pyarrow-21.0.0-cp313-cp313-musllinux_1_2_aarch64.whl", hash = "sha256:731c7022587006b755d0bdb27626a1a3bb004bb56b11fb30d98b6c1b4718579d", size = 43368342, upload-time = "2025-07-18T00:56:19.531Z" },
    { url = "https://files.pythonhosted.org/packages/90/c7/0fa1f3f29cf75f339768cc698c8ad4ddd2481c1742e9741459911c9ac477/pyarrow-21.0.0-cp313-cp313-musllinux_1_2_x86_64.whl", hash = "sha256:dc56bc708f2d8ac71bd1dcb927e458c93cec10b98eb4120206a4091db7b67b99", size = 45131218, upload-time = "2025-07-18T00:56:23.347Z" },
    { url = "https://files.pythonhosted.org/packages/01/63/581f2076465e67b23bc5a37d4a2abff8362d389d29d8105832e82c9c811c/pyarrow-21.0.0-cp313-cp313-win_amd64.whl", hash = "sha256:186aa00bca62139f75b7de8420f745f2af12941595bbbfa7ed3870ff63e25636", size = 26087551, upload-time = "2025-07-18T00:56:26.758Z" },
    { url = "https://files.pythonhosted.org/packages/c9/ab/357d0d9648bb8241ee7348e564f2479d206ebe6e1c47ac5027c2e31ecd39/pyarrow-21.0.0-cp313-cp313t-macosx_12_0_arm64.whl", hash = "sha256:a7a102574faa3f421141a64c10216e078df467ab9576684d5cd696952546e2da", size = 31290064, upload-time = "2025-07-18T00:56:30.214Z" },
    { url = "https://files.pythonhosted.org/packages/3f/8a/5685d62a990e4cac2043fc76b4661bf38d06efed55cf45a334b455bd2759/pyarrow-21.0.0-cp313-cp313t-macosx_12_0_x86_64.whl", hash = "sha256:1e005378c4a2c6db3ada3ad4c217b381f6c886f0a80d6a316fe586b90f77efd7", size = 32727837, upload-time = "2025-07-18T00:56:33.935Z" },
    { url = "https://files.pythonhosted.org/packages/fc/de/c0828ee09525c2bafefd3e736a248ebe764d07d0fd762d4f0929dbc516c9/pyarrow-21.0.0-cp313-cp313t-manylinux_2_28_aarch64.whl", hash = "sha256:65f8e85f79031449ec8706b74504a316805217b35b6099155dd7e227eef0d4b6", size = 41014158, upload-time = "2025-07-18T00:56:37.528Z" },
    { url = "https://files.pythonhosted.org/packages/6e/26/a2865c420c50b7a3748320b614f3484bfcde8347b2639b2b903b21ce6a72/pyarrow-21.0.0-cp313-cp313t-manylinux_2_28_x86_64.whl", hash = "sha256:3a81486adc665c7eb1a2bde0224cfca6ceaba344a82a971ef059678417880eb8", size = 42667885, upload-time = "2025-07-18T00:56:41.483Z" },
    { url = "https://files.pythonhosted.org/packages/0a/f9/4ee798dc902533159250fb4321267730bc0a107d8c6889e07c3add4fe3a5/pyarrow-21.0.0-cp313-cp313t-musllinux_1_2_aarch64.whl", hash = "sha256:fc0d2f88b81dcf3ccf9a6ae17f89183762c8a94a5bdcfa09e05cfe413acf0503", size = 43276625, upload-time = "2025-07-18T00:56:48.002Z" },
    { url = "https://files.pythonhosted.org/packages/5a/da/e02544d6997037a4b0d22d8e5f66bc9315c3671371a8b18c79ade1cefe14/pyarrow-21.0.0-cp313-cp313t-musllinux_1_2_x86_64.whl", hash = "sha256:6299449adf89df38537837487a4f8d3bd91ec94354fdd2a7d30bc11c48ef6e79", size = 44951890, upload-time = "2025-07-18T00:56:52.568Z" },
    { url = "https://files.pythonhosted.org/packages/e5/4e/519c1bc1876625fe6b71e9a28287c43ec2f20f73c658b9ae1d485c0c206e/pyarrow-21.0.0-cp313-cp313t-win_amd64.whl", hash = "sha256:222c39e2c70113543982c6b34f3077962b44fca38c0bd9e68bb6781534425c10", size = 26371006, upload-time = "2025-07-18T00:56:56.379Z" },
]

[[package]]
name = "pyarrow"
version = "24.0.0"
source = { registry = "https://pypi.org/simple" }
resolution-markers = [
    "python_full_version >= '3.14'",
]
sdist = { url = "https://files.pythonhosted.org/packages/91/13/13e1069b351bdc3881266e11147ffccf687505dbb0ea74036237f5d454a5/pyarrow-24.0.0.tar.gz", hash = "sha256:85fe721a14dd823aca09127acbb06c3ca723efbd436c004f16bca601b04dcc83", size = 1180261, upload-time = "2026-04-21T10:51:25.837Z" }
wheels = [
    { url = "https://files.pythonhosted.org/packages/62/c9/a47ab7ece0d86cbe6678418a0fbd1ac4bb493b9184a3891dfa0e7f287ae0/pyarrow-24.0.0-cp311-cp311-macosx_12_0_arm64.whl", hash = "sha256:b0e131f880cda8d04e076cee175a46fc0e8bc8b65c99c6c09dff6669335fde74", size = 35068898, upload-time = "2026-04-21T10:46:36.599Z" },
    { url = "https://files.pythonhosted.org/packages/d1/bc/8db86617a9a58008acf8913d6fed68ea2a46acb6de928db28d724c891a68/pyarrow-24.0.0-cp311-cp311-macosx_12_0_x86_64.whl", hash = "sha256:1b2fe7f9a5566401a0ef2571f197eb92358925c1f0c8dba305d6e43ea0871bb3", size = 36679915, upload-time = "2026-04-21T10:46:42.602Z" },
    { url = "https://files.pythonhosted.org/packages/eb/8e/fb178720400ef69db251eb4a9c3ccf4af269bc1feb5055529b8fc87170d1/pyarrow-24.0.0-cp311-cp311-manylinux_2_28_aarch64.whl", hash = "sha256:0b3537c00fb8d384f15ac1e79b6eb6db04a16514c8c1d22e59a9b95c8ba42868", size = 45697931, upload-time = "2026-04-21T10:46:48.403Z" },
    { url = "https://files.pythonhosted.org/packages/f3/27/99c42abe8e21b44f4917f62631f3aa31404882a2c41d8a4cd5c110e13d52/pyarrow-24.0.0-cp311-cp311-manylinux_2_28_x86_64.whl", hash = "sha256:14e31a3c9e35f1ab6356c6378f6f72830e6d2d5f1791df3774a7b097d18a6a1e", size = 48837449, upload-time = "2026-04-21T10:46:55.329Z" },
    { url = "https://files.pythonhosted.org/packages/36/b6/333749e2666e9032891125bf9c691146e92901bece62030ac1430e2e7c88/pyarrow-24.0.0-cp311-cp311-musllinux_1_2_aarch64.whl", hash = "sha256:b7d9a514e73bc42711e6a35aaccf3587c520024fe0a25d830a1a8a27c15f4f57", size = 49395949, upload-time = "2026-04-21T10:47:01.869Z" },
    { url = "https://files.pythonhosted.org/packages/17/25/c5201706a2dd374e8ba6ee3fd7a8c89fb7ffc16eed5217a91fd2bd7f7626/pyarrow-24.0.0-cp311-cp311-musllinux_1_2_x86_64.whl", hash = "sha256:b196eb3f931862af3fa84c2a253514d859c08e0d8fe020e07be12e75a5a9780c", size = 51912986, upload-time = "2026-04-21T10:47:09.872Z" },
    { url = "https://files.pythonhosted.org/packages/f8/d2/4d1bbba65320b21a49678d6fbdc6ff7c649251359fdcfc03568c4136231d/pyarrow-24.0.0-cp311-cp311-win_amd64.whl", hash = "sha256:35405aecb474e683fb36af650618fd5340ee5471fc65a21b36076a18bbc6c981", size = 27255371, upload-time = "2026-04-21T10:47:15.943Z" },
    { url = "https://files.pythonhosted.org/packages/b4/a9/9686d9f07837f91f775e8932659192e02c74f9d8920524b480b85212cc68/pyarrow-24.0.0-cp312-cp312-macosx_12_0_arm64.whl", hash = "sha256:6233c9ed9ab9d1db47de57d9753256d9dcffbf42db341576099f0fd9f6bf4810", size = 34981559, upload-time = "2026-04-21T10:47:22.17Z" },
    { url = "https://files.pythonhosted.org/packages/80/b6/0ddf0e9b6ead3474ab087ae598c76b031fc45532bf6a63f3a553440fb258/pyarrow-24.0.0-cp312-cp312-macosx_12_0_x86_64.whl", hash = "sha256:f7616236ec1bc2b15bfdec22a71ab38851c86f8f05ff64f379e1278cf20c634a", size = 36663654, upload-time = "2026-04-21T10:47:28.315Z" },
    { url = "https://files.pythonhosted.org/packages/7c/3b/926382efe8ce27ba729071d3566ade6dfb86bdf112f366000196b2f5780a/pyarrow-24.0.0-cp312-cp312-manylinux_2_28_aarch64.whl", hash = "sha256:1617043b99bd33e5318ae18eb2919af09c71322ef1ca46566cdafc6e6712fb66", size = 45679394, upload-time = "2026-04-21T10:47:34.821Z" },
    { url = "https://files.pythonhosted.org/packages/b3/7a/829f7d9dfd37c207206081d6dad474d81dde29952401f07f2ba507814818/pyarrow-24.0.0-cp312-cp312-manylinux_2_28_x86_64.whl", hash = "sha256:6165461f55ef6314f026de6638d661188e3455d3ec49834556a0ebbdbace18bb", size = 48863122, upload-time = "2026-04-21T10:47:42.056Z" },
    { url = "https://files.pythonhosted.org/packages/5f/e8/f88ce625fe8babaae64e8db2d417c7653adb3019b08aae85c5ed787dc816/pyarrow-24.0.0-cp312-cp312-musllinux_1_2_aarch64.whl", hash = "sha256:3b13dedfe76a0ad2d1d859b0811b53827a4e9d93a0bcb05cf59333ab4980cc7e", size = 49376032, upload-time = "2026-04-21T10:47:48.967Z" },
    { url = "https://files.pythonhosted.org/packages/36/7a/82c363caa145fff88fb475da50d3bf52bb024f61917be5424c3392eaf878/pyarrow-24.0.0-cp312-cp312-musllinux_1_2_x86_64.whl", hash = "sha256:25ea65d868eb04015cd18e6df2fbe98f07e5bda2abefabcb88fce39a947716f6", size = 51929490, upload-time = "2026-04-21T10:47:55.981Z" },
    { url = "https://files.pythonhosted.org/packages/66/1c/e3e72c8014ad2743ca64a701652c733cc5cbcee15c0463a32a8c55518d9e/pyarrow-24.0.0-cp312-cp312-win_amd64.whl", hash = "sha256:295f0a7f2e242dabd513737cf076007dc5b2d59237e3eca37b05c0c6446f3826", size = 27355660, upload-time = "2026-04-21T10:48:01.718Z" },
    { url = "https://files.pythonhosted.org/packages/6f/d3/a1abf004482026ddc17f4503db227787fa3cfe41ec5091ff20e4fea55e57/pyarrow-24.0.0-cp313-cp313-macosx_12_0_arm64.whl", hash = "sha256:02b001b3ed4723caa44f6cd1af2d5c86aa2cf9971dacc2ffa55b21237713dfba", size = 34976759, upload-time = "2026-04-21T10:48:07.258Z" },
    { url = "https://files.pythonhosted.org/packages/4f/4a/34f0a36d28a2dd32225301b79daad44e243dc1a2bb77d43b60749be255c4/pyarrow-24.0.0-cp313-cp313-macosx_12_0_x86_64.whl", hash = "sha256:04920d6a71aabd08a0417709efce97d45ea8e6fb733d9ca9ecffb13c67839f68", size = 36658471, upload-time = "2026-04-21T10:48:13.347Z" },
    { url = "https://files.pythonhosted.org/packages/1f/78/543b94712ae8bb1a6023bcc1acf1a740fbff8286747c289cd9468fced2a5/pyarrow-24.0.0-cp313-cp313-manylinux_2_28_aarch64.whl", hash = "sha256:a964266397740257f16f7bb2e4f08a0c81454004beab8ff59dd531b73610e9f2", size = 45675981, upload-time = "2026-04-21T10:48:20.201Z" },
    { url = "https://files.pythonhosted.org/packages/84/9f/8fb7c222b100d314137fa40ec050de56cd8c6d957d1cfff685ce72f15b17/pyarrow-24.0.0-cp313-cp313-manylinux_2_28_x86_64.whl", hash = "sha256:6f066b179d68c413374294bc1735f68475457c933258df594443bb9d88ddc2a0", size = 48859172, upload-time = "2026-04-21T10:48:27.541Z" },
    { url = "https://files.pythonhosted.org/packages/a7/d3/1ea72538e6c8b3b475ed78d1049a2c518e655761ea50fe1171fc855fcab7/pyarrow-24.0.0-cp313-cp313-musllinux_1_2_aarch64.whl", hash = "sha256:1183baeb14c5f587b1ec52831e665718ce632caab84b7cd6b85fd44f96114495", size = 49385733, upload-time = "2026-04-21T10:48:34.7Z" },
    { url = "https://files.pythonhosted.org/packages/c3/be/c3d8b06a1ba35f2260f8e1f771abbee7d5e345c0937aab90675706b1690a/pyarrow-24.0.0-cp313-cp313-musllinux_1_2_x86_64.whl", hash = "sha256:806f24b4085453c197a5078218d1ee08783ebbba271badd153d1ae22a3ee804f", size = 51934335, upload-time = "2026-04-21T10:48:42.099Z" },
    { url = "https://files.pythonhosted.org/packages/9c/62/89e07a1e7329d2cde3e3c6994ba0839a24977a2beda8be6005ea3d860b99/pyarrow-24.0.0-cp313-cp313-win_amd64.whl", hash = "sha256:e4505fc6583f7b05ab854934896bcac8253b04ac1171a77dfb73efef92076d91", size = 27271748, upload-time = "2026-04-21T10:49:42.532Z" },
    { url = "https://files.pythonhosted.org/packages/17/1a/cff3a59f80b5b1658549d46611b67163f65e0664431c076ad728bf9d5af4/pyarrow-24.0.0-cp313-cp313t-macosx_12_0_arm64.whl", hash = "sha256:1a4e45017efbf115032e4475ee876d525e0e36c742214fbe405332480ecd6275", size = 35238554, upload-time = "2026-04-21T10:48:48.526Z" },
    { url = "https://files.pythonhosted.org/packages/a8/99/cce0f42a327bfef2c420fb6078a3eb834826e5d6697bf3009fe11d2ad051/pyarrow-24.0.0-cp313-cp313t-macosx_12_0_x86_64.whl", hash = "sha256:7986f1fa71cee060ad00758bcc79d3a93bab8559bf978fab9e53472a2e25a17b", size = 36782301, upload-time = "2026-04-21T10:48:55.181Z" },
    { url = "https://files.pythonhosted.org/packages/2a/66/8e560d5ff6793ca29aca213c53eec0dd482dd46cb93b2819e5aab52e4252/pyarrow-24.0.0-cp313-cp313t-manylinux_2_28_aarch64.whl", hash = "sha256:d3e0b61e8efb24ed38898e5cdc5fffa9124be480008d401a1f8071500494ae42", size = 45721929, upload-time = "2026-04-21T10:49:03.676Z" },
    { url = "https://files.pythonhosted.org/packages/27/0c/a26e25505d030716e078d9f16eb74973cbf0b33b672884e9f9da1c83b871/pyarrow-24.0.0-cp313-cp313t-manylinux_2_28_x86_64.whl", hash = "sha256:55a3bc1e3df3b5567b7d27ef551b2283f0c68a5e86f1cd56abc569da4f31335b", size = 48825365, upload-time = "2026-04-21T10:49:11.714Z" },
    { url = "https://files.pythonhosted.org/packages/5f/eb/771f9ecb0c65e73fe9dccdd1717901b9594f08c4515d000c7c62df573811/pyarrow-24.0.0-cp313-cp313t-musllinux_1_2_aarch64.whl", hash = "sha256:641f795b361874ac9da5294f8f443dfdbee355cf2bd9e3b8d97aaac2306b9b37", size = 49451819, upload-time = "2026-04-21T10:49:21.474Z" },
    { url = "https://files.pythonhosted.org/packages/48/da/61ae89a88732f5a785646f3ec6125dbb640fa98a540eb2b9889caa561403/pyarrow-24.0.0-cp313-cp313t-musllinux_1_2_x86_64.whl", hash = "sha256:8adc8e6ce5fccf5dc707046ae4914fd537def529709cc0d285d37a7f9cd442ca", size = 51909252, upload-time = "2026-04-21T10:49:31.164Z" },
    { url = "https://files.pythonhosted.org/packages/cb/1a/8dd5cafab7b66573fa91c03d06d213356ad4edd71813aa75e08ce2b3a844/pyarrow-24.0.0-cp313-cp313t-win_amd64.whl", hash = "sha256:9b18371ad2f44044b81a8d23bc2d8a9b6a6226dca775e8e16cfee640473d6c5d", size = 27388127, upload-time = "2026-04-21T10:49:37.334Z" },
    { url = "https://files.pythonhosted.org/packages/ad/80/d022a34ff05d2cbedd8ccf841fc1f532ecfa9eb5ed1711b56d0e0ea71fc9/pyarrow-24.0.0-cp314-cp314-macosx_12_0_arm64.whl", hash = "sha256:1cc9057f0319e26333b357e17f3c2c022f1a83739b48a88b25bfd5fa2dc18838", size = 35007997, upload-time = "2026-04-21T10:49:48.796Z" },
    { url = "https://files.pythonhosted.org/packages/1a/ff/f01485fda6f4e5d441afb8dd5e7681e4db18826c1e271852f5d3957d6a80/pyarrow-24.0.0-cp314-cp314-macosx_12_0_x86_64.whl", hash = "sha256:e6f1278ee4785b6db21229374a1c9e54ec7c549de5d1efc9630b6207de7e170b", size = 36678720, upload-time = "2026-04-21T10:49:55.858Z" },
    { url = "https://files.pythonhosted.org/packages/9e/c2/2d2d5fea814237923f71b36495211f20b43a1576f9a4d6da7e751a64ec6f/pyarrow-24.0.0-cp314-cp314-manylinux_2_28_aarch64.whl", hash = "sha256:adbbedc55506cbdabb830890444fb856bfb0060c46c6f8026c6c2f2cf86ae795", size = 45741852, upload-time = "2026-04-21T10:50:04.624Z" },
    { url = "https://files.pythonhosted.org/packages/8e/3a/28ba9c1c1ebdbb5f1b94dfebb46f207e52e6a554b7fe4132540fde29a3a0/pyarrow-24.0.0-cp314-cp314-manylinux_2_28_x86_64.whl", hash = "sha256:ae8a1145af31d903fa9bb166824d7abe9b4681a000b0159c9fb99c11bc11ad26", size = 48889852, upload-time = "2026-04-21T10:50:12.293Z" },
    { url = "https://files.pythonhosted.org/packages/df/51/4a389acfd31dca009f8fb82d7f510bb4130f2b3a8e18cf00194d0687d8ac/pyarrow-24.0.0-cp314-cp314-musllinux_1_2_aarch64.whl", hash = "sha256:d7027eba1df3b2069e2e8d80f644fa0918b68c46432af3d088ddd390d063ecde", size = 49445207, upload-time = "2026-04-21T10:50:20.677Z" },
    { url = "https://files.pythonhosted.org/packages/19/4b/0bab2b23d2ae901b1b9a03c0efd4b2d070256f8ce3fc43f6e58c167b2081/pyarrow-24.0.0-cp314-cp314-musllinux_1_2_x86_64.whl", hash = "sha256:e56a1ffe9bf7b727432b89104cc0849c21582949dd7bdcb34f17b2001a351a76", size = 51954117, upload-time = "2026-04-21T10:50:29.14Z" },
    { url = "https://files.pythonhosted.org/packages/29/88/f4e9145da0417b3d2c12035a8492b35ff4a3dbc653e614fcfb51d9dedb38/pyarrow-24.0.0-cp314-cp314-win_amd64.whl", hash = "sha256:38be1808cdd068605b787e6ca9119b27eb275a0234e50212c3492331680c3b1e", size = 28001155, upload-time = "2026-04-21T10:51:22.337Z" },
    { url = "https://files.pythonhosted.org/packages/79/4f/46a49a63f43526da895b1a45bbb51d5baf8e4d77159f8528fc3e5490007f/pyarrow-24.0.0-cp314-cp314t-macosx_12_0_arm64.whl", hash = "sha256:418e48ce50a45a6a6c73c454677203a9c75c966cb1e92ca3370959185f197a05", size = 35250387, upload-time = "2026-04-21T10:50:35.552Z" },
    { url = "https://files.pythonhosted.org/packages/a0/da/d5e0cd5ef00796922404806d5f00325cdadc3441ce2c13fe7115f2df9a64/pyarrow-24.0.0-cp314-cp314t-macosx_12_0_x86_64.whl", hash = "sha256:2f16197705a230a78270cdd4ea8a1d57e86b2fdcbc34a1f6aebc72e65c986f9a", size = 36797102, upload-time = "2026-04-21T10:50:42.417Z" },
    { url = "https://files.pythonhosted.org/packages/34/c7/5904145b0a593a05236c882933d439b5720f0a145381179063722fbfc123/pyarrow-24.0.0-cp314-cp314t-manylinux_2_28_aarch64.whl", hash = "sha256:fb24ac194bfc5e86839d7dcd52092ee31e5fe6733fe11f5e3b06ef0812b20072", size = 45745118, upload-time = "2026-04-21T10:50:49.324Z" },
    { url = "https://files.pythonhosted.org/packages/13/d3/cca42fe166d1c6e4d5b80e530b7949104d10e17508a90ae202dac205ce2a/pyarrow-24.0.0-cp314-cp314t-manylinux_2_28_x86_64.whl", hash = "sha256:9700ebd9a51f5895ce75ff4ac4b3c47a7d4b42bc618be8e713e5d56bacf5f931", size = 48844765, upload-time = "2026-04-21T10:50:55.579Z" },
    { url = "https://files.pythonhosted.org/packages/b0/49/942c3b79878ba928324d1e17c274ed84581db8c0a749b24bcf4cbdf15bd3/pyarrow-24.0.0-cp314-cp314t-musllinux_1_2_aarch64.whl", hash = "sha256:d8ddd2768da81d3ee08cfea9b597f4abb4e8e1dc8ae7e204b608d23a0d3ab699", size = 49471890, upload-time = "2026-04-21T10:51:02.439Z" },
    { url = "https://files.pythonhosted.org/packages/76/97/ff71431000a75d84135a1ace5ca4ba11726a231a8007bbb320a4c54075d5/pyarrow-24.0.0-cp314-cp314t-musllinux_1_2_x86_64.whl", hash = "sha256:61a3d7eaa97a14768b542f3d284dc6400dd2470d9f080708b13cd46b6ae18136", size = 51932250, upload-time = "2026-04-21T10:51:10.576Z" },
    { url = "https://files.pythonhosted.org/packages/51/be/6f79d55816d5c22557cf27533543d5d70dfe692adfbee4b99f2760674f38/pyarrow-24.0.0-cp314-cp314t-win_amd64.whl", hash = "sha256:c91d00057f23b8d353039520dc3a6c09d8608164c692e9f59a175a42b2ae0c19", size = 28131282, upload-time = "2026-04-21T10:51:16.815Z" },
]

[[package]]
name = "pycapnp"
version = "2.2.2"
source = { registry = "https://pypi.org/simple" }
sdist = { url = "https://files.pythonhosted.org/packages/85/7b/b2f356bc24220068beffc03e94062e8059a1383addb837303794398aec36/pycapnp-2.2.2.tar.gz", hash = "sha256:7f6c23c2283173a3cb6f1a5086dd0114779d508a7cd1b138d25a6357857d02b6", size = 730142, upload-time = "2026-01-21T01:22:13.73Z" }
wheels = [
    { url = "https://files.pythonhosted.org/packages/ce/2c/65e0efb7d3d3f8bff7e55fb32ce74da008b7f5c2700b8f50e5ee69fc228d/pycapnp-2.2.2-cp311-cp311-macosx_10_9_x86_64.whl", hash = "sha256:3b49906285d5fdd91b352329eaa33ec54162053a0fae5467389f3762a6c27e09", size = 1614876, upload-time = "2026-01-21T01:20:04.32Z" },
    { url = "https://files.pythonhosted.org/packages/2e/4d/87e7b0050317c9152a6ed4162f6159377d683163432acdbaa39d90e5081b/pycapnp-2.2.2-cp311-cp311-macosx_11_0_arm64.whl", hash = "sha256:a603298b27356cb1766b4c965964a90a1af98b97c7513a369ed483bb267dfd83", size = 1489709, upload-time = "2026-01-21T01:20:05.574Z" },
    { url = "https://files.pythonhosted.org/packages/30/22/09477810aee36e435717994a8788c0b11430159a0f5ada8de1cb4f4c3cda/pycapnp-2.2.2-cp311-cp311-manylinux_2_28_aarch64.whl", hash = "sha256:c858cd32f9b940bd5412e8a992f5b3983010611ad03f2a548f39b50aa5c60e76", size = 5259323, upload-time = "2026-01-21T01:20:07.533Z" },
    { url = "https://files.pythonhosted.org/packages/fd/d5/aae7616c24c7a36e740ca8f1c7b0751cf048ff6a27b2391e0a768141451d/pycapnp-2.2.2-cp311-cp311-manylinux_2_28_i686.whl", hash = "sha256:7fc395295229817b7436702cd3aaaf50a8587a9842b0616d683504f81166c3b0", size = 5318216, upload-time = "2026-01-21T01:20:09.194Z" },
    { url = "https://files.pythonhosted.org/packages/7a/ca/0e115255dbf177bb7a6a5c2388c8b5888b590149c79dd34a96c0f1eeac3c/pycapnp-2.2.2-cp311-cp311-manylinux_2_28_ppc64le.whl", hash = "sha256:3c64660d72dda255d597151024105318f931404c1f5d8e38d32bd03a5a1cbc5b", size = 5731883, upload-time = "2026-01-21T01:20:11.315Z" },
    { url = "https://files.pythonhosted.org/packages/42/00/19273a09dc4d63c3001035b449f3eb3e3f06331f3839a1e39c85cc68f080/pycapnp-2.2.2-cp311-cp311-manylinux_2_28_s390x.whl", hash = "sha256:0023a873567d1cb2c11de599a3d3a49810bfbbe1eacc66001ff61140a0b57040", size = 5751518, upload-time = "2026-01-21T01:20:12.913Z" },
    { url = "https://files.pythonhosted.org/packages/f2/93/6db5789b57dadfd1dc621d7db1c062c456d6a6817b19efa91af54715f845/pycapnp-2.2.2-cp311-cp311-manylinux_2_28_x86_64.whl", hash = "sha256:2905d571800c8871b14bba31effc80383d321eaced37506ce050521c5962eb61", size = 5436583, upload-time = "2026-01-21T01:20:14.961Z" },
    { url = "https://files.pythonhosted.org/packages/f2/74/02872a27f1ebc410c78a93023349d76200919db60e2397d460021f79fe6a/pycapnp-2.2.2-cp311-cp311-musllinux_1_2_aarch64.whl", hash = "sha256:f731680b232235038f4d7390c2e6d6f1dc03d42d0e2c12f72e99e666cefdff01", size = 6146136, upload-time = "2026-01-21T01:20:16.685Z" },
    { url = "https://files.pythonhosted.org/packages/16/35/7df523707e5080cf3f28a39e029ce7d41feaa0097fb16ba58ec229aadce2/pycapnp-2.2.2-cp311-cp311-musllinux_1_2_i686.whl", hash = "sha256:6eed184d6e7e8d2ed7ef3ffd35fc2a6616835342ca99457845945dbe088b8874", size = 6459689, upload-time = "2026-01-21T01:20:18.492Z" },
    { url = "https://files.pythonhosted.org/packages/c7/4e/26b6c9c5fa210748288338a53feaaa4e1cf466f38b0f28b0385289036179/pycapnp-2.2.2-cp311-cp311-musllinux_1_2_ppc64le.whl", hash = "sha256:2e7b6b2339e394cd7aed712d01303313a5e50259d68003ed63b50bf73ba382d5", size = 6659002, upload-time = "2026-01-21T01:20:20.371Z" },
    { url = "https://files.pythonhosted.org/packages/da/33/c1f6415db40cb997d0b501ea0e9b98c8cca67d20dee75024514454714fdd/pycapnp-2.2.2-cp311-cp311-musllinux_1_2_s390x.whl", hash = "sha256:19a58b202a306c8a5b1ceb939bd1b6521061d161cf7c19fde3fcedc4db6e20dd", size = 6673137, upload-time = "2026-01-21T01:20:22.047Z" },
    { url = "https://files.pythonhosted.org/packages/8d/37/abb9037f22df289bcf1a7c25db36fb28ad82df3a7ddbaef5140953218bc6/pycapnp-2.2.2-cp311-cp311-musllinux_1_2_x86_64.whl", hash = "sha256:973d132853433054739646958719301bb925621c2649e8dbcee0d7e9aaffa926", size = 6405879, upload-time = "2026-01-21T01:20:23.676Z" },
    { url = "https://files.pythonhosted.org/packages/04/b7/e256add75663db169170257717943edc4beb3627a51d0b8ae6619a4f2f18/pycapnp-2.2.2-cp311-cp311-win32.whl", hash = "sha256:b2df0674a4edcbf89829e3537815c760b95fae2e37ec0a14af37dda05d62d062", size = 1061803, upload-time = "2026-01-21T01:20:25.134Z" },
    { url = "https://files.pythonhosted.org/packages/1c/64/f7c31fbead4a05340deabf8d4a5f541e8c3f00f63dbe79b31525bc108e40/pycapnp-2.2.2-cp311-cp311-win_amd64.whl", hash = "sha256:a662c8bcc27f00ab86a78d377d01e42a61b510d0e33399267fef7639d020c71f", size = 1217362, upload-time = "2026-01-21T01:20:28.205Z" },
    { url = "https://files.pythonhosted.org/packages/8a/76/f8f81d32ddf950e934ec144facbc112e5acbef31a63ba5be0c5f34a00fd5/pycapnp-2.2.2-cp312-cp312-macosx_10_13_x86_64.whl", hash = "sha256:8b86cb8ea5b8011b562c4e022325a826a62f91196ceb5aa33a766c0bea0b8fd3", size = 1605194, upload-time = "2026-01-21T01:20:29.604Z" },
    { url = "https://files.pythonhosted.org/packages/50/dd/a31be782d56a8648fef899f39aeeab867cf544a6b170871e3f4cbfc58af6/pycapnp-2.2.2-cp312-cp312-macosx_11_0_arm64.whl", hash = "sha256:2353531cfa669e3eeb99be9f993573341650276abec46676d687cc12b3e6b6d9", size = 1486613, upload-time = "2026-01-21T01:20:31.415Z" },
    { url = "https://files.pythonhosted.org/packages/aa/bf/8da830dda94eb7327c6508d6c26fbd964897d742f8c1c0ec48623f0c515b/pycapnp-2.2.2-cp312-cp312-manylinux_2_28_aarch64.whl", hash = "sha256:ee27bdc78c7ccd8eaa0fe31e09f0ec4ef31deda3f475fc9373bb4b0de8083053", size = 5186701, upload-time = "2026-01-21T01:20:32.836Z" },
    { url = "https://files.pythonhosted.org/packages/8d/a1/13d0baa2f337f4f6fe8c2142646ba437a26b9c433f5d7ce016a912bad052/pycapnp-2.2.2-cp312-cp312-manylinux_2_28_i686.whl", hash = "sha256:a8ded808911d1d7a9a2197626c09eea6e269e74dc1276760789538b1efcf6cd5", size = 5239464, upload-time = "2026-01-21T01:20:34.793Z" },
    { url = "https://files.pythonhosted.org/packages/82/76/0451c64b5f0132e4b75a0afe8cec957c8bf8fa981264a7c0b264cb94663e/pycapnp-2.2.2-cp312-cp312-manylinux_2_28_ppc64le.whl", hash = "sha256:59e92e1db40041d82a95eab0bd8de2676ce50c6b97c1457e2edde4d134b6d046", size = 5542887, upload-time = "2026-01-21T01:20:36.463Z" },
    { url = "https://files.pythonhosted.org/packages/04/00/d025d68d9a5330d55cbe2d018091cacfef0835c3ad422eb6778c4525041f/pycapnp-2.2.2-cp312-cp312-manylinux_2_28_s390x.whl", hash = "sha256:ee1e9ac2f0b80fa892b922b60e36efc925d072ecf1204ba3e59d8d9ac7c3dc83", size = 5659696, upload-time = "2026-01-21T01:20:38.069Z" },
    { url = "https://files.pythonhosted.org/packages/58/b7/28f7c539a5f4cbaa12e55ec27d081d11473464230f2e801e4714606d3453/pycapnp-2.2.2-cp312-cp312-manylinux_2_28_x86_64.whl", hash = "sha256:53273b385be78ed8ac997ff8697f2a4c760e93c190b509822a937de5531f4861", size = 5413827, upload-time = "2026-01-21T01:20:39.781Z" },
    { url = "https://files.pythonhosted.org/packages/3c/a7/83bc13d90675f0cee8a38d4ad8401bb2f8662c543b3a6622aeffb7b56b1e/pycapnp-2.2.2-cp312-cp312-musllinux_1_2_aarch64.whl", hash = "sha256:812cbdd002bc542b63f969b85c6b9041dfdaf4185613635a6d4feea84c9092fa", size = 6046815, upload-time = "2026-01-21T01:20:42.172Z" },
    { url = "https://files.pythonhosted.org/packages/0d/8a/80f46baa1684bbcc4754ce22c5a44693a1209a64de6df2b256b85b8b8a97/pycapnp-2.2.2-cp312-cp312-musllinux_1_2_i686.whl", hash = "sha256:9c330218a44bd649b96f565dbf5326d183fdd20f9887bdedfeabd73f0366c2e1", size = 6367625, upload-time = "2026-01-21T01:20:44.004Z" },
    { url = "https://files.pythonhosted.org/packages/02/00/60e82eaf6b4e78d887157bf9f18234c852771cc575355e63d1114c4a5d79/pycapnp-2.2.2-cp312-cp312-musllinux_1_2_ppc64le.whl", hash = "sha256:796aa0ba18bcd4e6b2815471bbed059ad7ee8a815a30e81ac8a9aa030ec7818d", size = 6487265, upload-time = "2026-01-21T01:20:46.137Z" },
    { url = "https://files.pythonhosted.org/packages/57/6e/2dedd8f95dc22357c50a775ee2b8711b3d711f30344d244141e0e1962c3e/pycapnp-2.2.2-cp312-cp312-musllinux_1_2_s390x.whl", hash = "sha256:251a6abdd64b9b11d2a8e16fc365b922ef6ba6c968959b72a3a3d9d8ec8cc8d7", size = 6576699, upload-time = "2026-01-21T01:20:47.987Z" },
    { url = "https://files.pythonhosted.org/packages/2f/53/f7f69ed1d11ea30ea4f0f6d8319fbc18bc8781c480c118005e0a394492a7/pycapnp-2.2.2-cp312-cp312-musllinux_1_2_x86_64.whl", hash = "sha256:6aab811e0fcc27ae8bf5f04dedaa7e0af47e0d4db51d9c85ab0d2dad26a46bd7", size = 6344114, upload-time = "2026-01-21T01:20:50.367Z" },
    { url = "https://files.pythonhosted.org/packages/ab/78/ab78ee42797ff44c7e1fc0d1aa9396c6742cb05ff01a7cdf9c8f19e0defe/pycapnp-2.2.2-cp312-cp312-win32.whl", hash = "sha256:5061c85dd8f843b2656720ca6976d2a9b418845580c6f6d9602f7119fc2208d5", size = 1047207, upload-time = "2026-01-21T01:20:51.842Z" },
    { url = "https://files.pythonhosted.org/packages/4c/fb/6edf56d5144c476270fa8b2e6a660ef5a188fb0097193e342618fbcb0210/pycapnp-2.2.2-cp312-cp312-win_amd64.whl", hash = "sha256:700eb8c77405222903af3fb5a371c0d766f86139c3d51f4bff41ccd6403b51f9", size = 1185178, upload-time = "2026-01-21T01:20:53.429Z" },
    { url = "https://files.pythonhosted.org/packages/ba/70/376c3f1be4ba453584bc96a9e6a7372486ce920cb9c0869c06066e77d626/pycapnp-2.2.2-cp313-cp313-macosx_10_13_x86_64.whl", hash = "sha256:90138fceca1e85ea3eaa0de6656e33c4bef1c8da3c191db0a5b5bacc969f7889", size = 1603886, upload-time = "2026-01-21T01:20:55.383Z" },
    { url = "https://files.pythonhosted.org/packages/b6/11/2728b563f3f25d826024136cd3aab39f5d1727195de5c90a2ba3d232e897/pycapnp-2.2.2-cp313-cp313-macosx_11_0_arm64.whl", hash = "sha256:cd0549036bfddb003f8e371c3c4ed3f56ac847953eb57cdd371100bb52afa64e", size = 1485731, upload-time = "2026-01-21T01:20:57.587Z" },
    { url = "https://files.pythonhosted.org/packages/77/1b/ab9bb376e7314b92dde24843fcf3d6459f10e48d95eb54d25912f973f5d7/pycapnp-2.2.2-cp313-cp313-manylinux_2_28_aarch64.whl", hash = "sha256:7c5a8f6d96017a7bb7e202fa8920fcdad119deab0d761f9aca1e6a4755376cef", size = 5209046, upload-time = "2026-01-21T01:20:59.049Z" },
    { url = "https://files.pythonhosted.org/packages/5f/62/303548df0316740caad513e4b81b18b2db1990785f3f01c36fd19889e7d4/pycapnp-2.2.2-cp313-cp313-manylinux_2_28_i686.whl", hash = "sha256:bba31a8ba8ec32a04c5a14a5e469df7e1f1b85e169f49f7c2edfdfb78ec5075f", size = 5235782, upload-time = "2026-01-21T01:21:00.676Z" },
    { url = "https://files.pythonhosted.org/packages/5d/ec/df320105d17e118207f01208af1e505d48981856c07fe10b04a8feab39d9/pycapnp-2.2.2-cp313-cp313-manylinux_2_28_ppc64le.whl", hash = "sha256:2decdaeb517120e152f7d9ddede393a830087ac3f1024c5224f2ec58e1735abd", size = 5544647, upload-time = "2026-01-21T01:21:02.812Z" },
    { url = "https://files.pythonhosted.org/packages/03/47/bc3ea9b0d71cc3e0694993a5907ac56aab2c1ad803697be068fff55a0e1b/pycapnp-2.2.2-cp313-cp313-manylinux_2_28_s390x.whl", hash = "sha256:e879127ac9580005efcd51ec9ae903f1dd98954fb4ea88db9cf534e9a4afb379", size = 5596651, upload-time = "2026-01-21T01:21:04.504Z" },
    { url = "https://files.pythonhosted.org/packages/84/82/c500220d4eccca845a06f2f9d0747ad8043f8b893ef5278e2019cbc906cc/pycapnp-2.2.2-cp313-cp313-manylinux_2_28_x86_64.whl", hash = "sha256:7092c2393191221b8ce1c03ddc1343d1ff26d36129a831017d2371867e9c09bb", size = 5393131, upload-time = "2026-01-21T01:21:06.459Z" },
    { url = "https://files.pythonhosted.org/packages/ed/61/be35f0b8d81cf107a9d0329d180f1fd8f5d6d75e117fdf7fcad779443f17/pycapnp-2.2.2-cp313-cp313-musllinux_1_2_aarch64.whl", hash = "sha256:682812bf9ba4a60309b7150763cd5abed9341a31375398f3d2f60fee26143e13", size = 6071761, upload-time = "2026-01-21T01:21:08.238Z" },
    { url = "https://files.pythonhosted.org/packages/54/c0/d09da26ebb1bf0a130650a940b8e32f41219241c8d5f9c0891f15343dd9c/pycapnp-2.2.2-cp313-cp313-musllinux_1_2_i686.whl", hash = "sha256:6f321dbf33767bc2fd77dd66265177284697089f9e45b6dee7fd462b2b5cf918", size = 6369216, upload-time = "2026-01-21T01:21:10.338Z" },
    { url = "https://files.pythonhosted.org/packages/3d/58/a651de950437d8ef9fa91c3cce84ecd068e05011d421a6cf288f930f331c/pycapnp-2.2.2-cp313-cp313-musllinux_1_2_ppc64le.whl", hash = "sha256:1d443d38f1cbeaec5b20b420117885fd5de812c5687e3bc8456d2e2c5cba371e", size = 6488273, upload-time = "2026-01-21T01:21:12.127Z" },
    { url = "https://files.pythonhosted.org/packages/4b/28/254f511272fde9fea1220807d759bcbdb47ecdff64ac860499be9aeddeaa/pycapnp-2.2.2-cp313-cp313-musllinux_1_2_s390x.whl", hash = "sha256:20a31fedb7ef30ec53d5d2d951a7cec8f639c954557093a3ba3d11aba5d174b4", size = 6542078, upload-time = "2026-01-21T01:21:14.581Z" },
    { url = "https://files.pythonhosted.org/packages/f9/b3/eea39216b7b59cefd21e6783e38a4d78db7e58c4f8f1f45e8351057432b7/pycapnp-2.2.2-cp313-cp313-musllinux_1_2_x86_64.whl", hash = "sha256:fbefb388464501899233d0b7d27256edd22c3cebb5a312da5d9f246671e9455e", size = 6333374, upload-time = "2026-01-21T01:21:16.522Z" },
    { url = "https://files.pythonhosted.org/packages/be/08/42ab52a3e7e5381d8fd7ae227ae75f54454f9e339d214ebe92763bb78115/pycapnp-2.2.2-cp313-cp313-win32.whl", hash = "sha256:a25e3b3ef40d430309acc7c024aa62b1ee6b2e7a85b341a8b7a8a6f8e29d4133", size = 1046173, upload-time = "2026-01-21T01:21:18.074Z" },
    { url = "https://files.pythonhosted.org/packages/34/d4/fec2023c4709d3631fe24e09dae2badc23d613f1288b4a6b398302945984/pycapnp-2.2.2-cp313-cp313-win_amd64.whl", hash = "sha256:db65c9ec9d69bac6d19092db43b5e1f3cb2c680810418fd1e02316f7ef157fc1", size = 1184414, upload-time = "2026-01-21T01:21:19.334Z" },
]
